// !$*UTF8*$!
{
	archiveVersion = 1;
	classes = {
	};
	objectVersion = 56;
	objects = {

/* Begin PBXBuildFile section */
		8B102C3F2A3EDE6B00D2DA43 /* Settings.bundle in Resources */ = {isa = PBXBuildFile; fileRef = 8B102C3E2A3EDE6B00D2DA43 /* Settings.bundle */; };
		8B102C412A3EEF3800D2DA43 /* AppDelegate.swift in Sources */ = {isa = PBXBuildFile; fileRef = 8B102C402A3EEF3800D2DA43 /* AppDelegate.swift */; };
		8B6CD45F2A2C25DC009E0A3C /* MyProjectApp.swift in Sources */ = {isa = PBXBuildFile; fileRef = 8B6CD45E2A2C25DC009E0A3C /* MyProjectApp.swift */; };
		8B6CD4632A2C25DE009E0A3C /* Assets.xcassets in Resources */ = {isa = PBXBuildFile; fileRef = 8B6CD4622A2C25DE009E0A3C /* Assets.xcassets */; };
		8B6CD4662A2C25DE009E0A3C /* Preview Assets.xcassets in Resources */ = {isa = PBXBuildFile; fileRef = 8B6CD4652A2C25DE009E0A3C /* Preview Assets.xcassets */; };
		8B6CD46E2A2C273E009E0A3C /* LaunchScreen.storyboard in Resources */ = {isa = PBXBuildFile; fileRef = 8B6CD46D2A2C273E009E0A3C /* LaunchScreen.storyboard */; };
		8B6CD4702A2C2939009E0A3C /* ContentView.swift in Sources */ = {isa = PBXBuildFile; fileRef = 8B6CD46F2A2C2939009E0A3C /* ContentView.swift */; };
		8BD4AD182A7F96F800CFE63A /* Localizable.xcstrings in Resources */ = {isa = PBXBuildFile; fileRef = 8BD4AD172A7F96F700CFE63A /* Localizable.xcstrings */; };
		8BD4AD202A7FA0F500CFE63A /* MyProjectUITests.swift in Sources */ = {isa = PBXBuildFile; fileRef = 8BD4AD1F2A7FA0F500CFE63A /* MyProjectUITests.swift */; };
		8BD4AD222A7FA0F500CFE63A /* MyProjectUITestsLaunchTests.swift in Sources */ = {isa = PBXBuildFile; fileRef = 8BD4AD212A7FA0F500CFE63A /* MyProjectUITestsLaunchTests.swift */; };
		8BD4AD2F2A7FA32000CFE63A /* MyProjectTests.swift in Sources */ = {isa = PBXBuildFile; fileRef = 8BD4AD2E2A7FA32000CFE63A /* MyProjectTests.swift */; };
/* End PBXBuildFile section */

/* Begin PBXContainerItemProxy section */
		8BD4AD232A7FA0F500CFE63A /* PBXContainerItemProxy */ = {
			isa = PBXContainerItemProxy;
			containerPortal = 8B6CD4532A2C25DC009E0A3C /* Project object */;
			proxyType = 1;
			remoteGlobalIDString = 8B6CD45A2A2C25DC009E0A3C;
			remoteInfo = MyProject;
		};
		8BD4AD302A7FA32000CFE63A /* PBXContainerItemProxy */ = {
			isa = PBXContainerItemProxy;
			containerPortal = 8B6CD4532A2C25DC009E0A3C /* Project object */;
			proxyType = 1;
			remoteGlobalIDString = 8B6CD45A2A2C25DC009E0A3C;
			remoteInfo = MyProject;
		};
/* End PBXContainerItemProxy section */

/* Begin PBXFileReference section */
		8B102C3E2A3EDE6B00D2DA43 /* Settings.bundle */ = {isa = PBXFileReference; lastKnownFileType = "wrapper.plug-in"; path = Settings.bundle; sourceTree = "<group>"; };
		8B102C402A3EEF3800D2DA43 /* AppDelegate.swift */ = {isa = PBXFileReference; lastKnownFileType = sourcecode.swift; path = AppDelegate.swift; sourceTree = "<group>"; };
		8B37C9A22A5447FF0005CC71 /* Info.plist */ = {isa = PBXFileReference; lastKnownFileType = text.plist; path = Info.plist; sourceTree = "<group>"; };
		8B37C9A32A5448740005CC71 /* Debug.xcconfig */ = {isa = PBXFileReference; lastKnownFileType = text.xcconfig; path = Debug.xcconfig; sourceTree = "<group>"; };
		8B37C9A42A5448870005CC71 /* Release.xcconfig */ = {isa = PBXFileReference; lastKnownFileType = text.xcconfig; path = Release.xcconfig; sourceTree = "<group>"; };
		8B6CD45B2A2C25DC009E0A3C /* MyProject.app */ = {isa = PBXFileReference; explicitFileType = wrapper.application; includeInIndex = 0; path = MyProject.app; sourceTree = BUILT_PRODUCTS_DIR; };
		8B6CD45E2A2C25DC009E0A3C /* MyProjectApp.swift */ = {isa = PBXFileReference; lastKnownFileType = sourcecode.swift; path = MyProjectApp.swift; sourceTree = "<group>"; };
		8B6CD4622A2C25DE009E0A3C /* Assets.xcassets */ = {isa = PBXFileReference; lastKnownFileType = folder.assetcatalog; path = Assets.xcassets; sourceTree = "<group>"; };
		8B6CD4652A2C25DE009E0A3C /* Preview Assets.xcassets */ = {isa = PBXFileReference; lastKnownFileType = folder.assetcatalog; path = "Preview Assets.xcassets"; sourceTree = "<group>"; };
		8B6CD46C2A2C2626009E0A3C /* README.md */ = {isa = PBXFileReference; lastKnownFileType = net.daringfireball.markdown; path = README.md; sourceTree = "<group>"; };
		8B6CD46D2A2C273E009E0A3C /* LaunchScreen.storyboard */ = {isa = PBXFileReference; lastKnownFileType = file.storyboard; path = LaunchScreen.storyboard; sourceTree = "<group>"; };
		8B6CD46F2A2C2939009E0A3C /* ContentView.swift */ = {isa = PBXFileReference; lastKnownFileType = sourcecode.swift; path = ContentView.swift; sourceTree = "<group>"; };
		8BD4AD172A7F96F700CFE63A /* Localizable.xcstrings */ = {isa = PBXFileReference; lastKnownFileType = text.json.xcstrings; path = Localizable.xcstrings; sourceTree = "<group>"; };
		8BD4AD1D2A7FA0F500CFE63A /* MyProjectUITests.xctest */ = {isa = PBXFileReference; explicitFileType = wrapper.cfbundle; includeInIndex = 0; path = MyProjectUITests.xctest; sourceTree = BUILT_PRODUCTS_DIR; };
		8BD4AD1F2A7FA0F500CFE63A /* MyProjectUITests.swift */ = {isa = PBXFileReference; lastKnownFileType = sourcecode.swift; path = MyProjectUITests.swift; sourceTree = "<group>"; };
		8BD4AD212A7FA0F500CFE63A /* MyProjectUITestsLaunchTests.swift */ = {isa = PBXFileReference; lastKnownFileType = sourcecode.swift; path = MyProjectUITestsLaunchTests.swift; sourceTree = "<group>"; };
		8BD4AD2C2A7FA32000CFE63A /* MyProjectTests.xctest */ = {isa = PBXFileReference; explicitFileType = wrapper.cfbundle; includeInIndex = 0; path = MyProjectTests.xctest; sourceTree = BUILT_PRODUCTS_DIR; };
		8BD4AD2E2A7FA32000CFE63A /* MyProjectTests.swift */ = {isa = PBXFileReference; lastKnownFileType = sourcecode.swift; path = MyProjectTests.swift; sourceTree = "<group>"; };
/* End PBXFileReference section */

/* Begin PBXFrameworksBuildPhase section */
		8B6CD4582A2C25DC009E0A3C /* Frameworks */ = {
			isa = PBXFrameworksBuildPhase;
			buildActionMask = 2147483647;
			files = (
			);
			runOnlyForDeploymentPostprocessing = 0;
		};
		8BD4AD1A2A7FA0F500CFE63A /* Frameworks */ = {
			isa = PBXFrameworksBuildPhase;
			buildActionMask = 2147483647;
			files = (
			);
			runOnlyForDeploymentPostprocessing = 0;
		};
		8BD4AD292A7FA32000CFE63A /* Frameworks */ = {
			isa = PBXFrameworksBuildPhase;
			buildActionMask = 2147483647;
			files = (
			);
			runOnlyForDeploymentPostprocessing = 0;
		};
/* End PBXFrameworksBuildPhase section */

/* Begin PBXGroup section */
		8B37C9A12A51A9670005CC71 /* Configurations */ = {
			isa = PBXGroup;
			children = (
				8B37C9A32A5448740005CC71 /* Debug.xcconfig */,
				8B37C9A42A5448870005CC71 /* Release.xcconfig */,
			);
			path = Configurations;
			sourceTree = "<group>";
		};
		8B6CD4522A2C25DC009E0A3C = {
			isa = PBXGroup;
			children = (
				8B6CD46C2A2C2626009E0A3C /* README.md */,
				8B6CD45D2A2C25DC009E0A3C /* MyProject */,
				8B37C9A12A51A9670005CC71 /* Configurations */,
				8BD4AD2D2A7FA32000CFE63A /* MyProjectTests */,
				8BD4AD1E2A7FA0F500CFE63A /* MyProjectUITests */,
				8B6CD45C2A2C25DC009E0A3C /* Products */,
			);
			sourceTree = "<group>";
		};
		8B6CD45C2A2C25DC009E0A3C /* Products */ = {
			isa = PBXGroup;
			children = (
				8B6CD45B2A2C25DC009E0A3C /* MyProject.app */,
				8BD4AD1D2A7FA0F500CFE63A /* MyProjectUITests.xctest */,
				8BD4AD2C2A7FA32000CFE63A /* MyProjectTests.xctest */,
			);
			name = Products;
			sourceTree = "<group>";
		};
		8B6CD45D2A2C25DC009E0A3C /* MyProject */ = {
			isa = PBXGroup;
			children = (
				8B6CD45E2A2C25DC009E0A3C /* MyProjectApp.swift */,
				8B102C402A3EEF3800D2DA43 /* AppDelegate.swift */,
				8B6CD46F2A2C2939009E0A3C /* ContentView.swift */,
				8B6CD46D2A2C273E009E0A3C /* LaunchScreen.storyboard */,
				8B6CD4622A2C25DE009E0A3C /* Assets.xcassets */,
				8B37C9A22A5447FF0005CC71 /* Info.plist */,
				8BD4AD172A7F96F700CFE63A /* Localizable.xcstrings */,
				8B102C3E2A3EDE6B00D2DA43 /* Settings.bundle */,
				8B6CD4642A2C25DE009E0A3C /* Preview Content */,
			);
			path = MyProject;
			sourceTree = "<group>";
		};
		8B6CD4642A2C25DE009E0A3C /* Preview Content */ = {
			isa = PBXGroup;
			children = (
				8B6CD4652A2C25DE009E0A3C /* Preview Assets.xcassets */,
			);
			path = "Preview Content";
			sourceTree = "<group>";
		};
		8BD4AD1E2A7FA0F500CFE63A /* MyProjectUITests */ = {
			isa = PBXGroup;
			children = (
				8BD4AD1F2A7FA0F500CFE63A /* MyProjectUITests.swift */,
				8BD4AD212A7FA0F500CFE63A /* MyProjectUITestsLaunchTests.swift */,
			);
			path = MyProjectUITests;
			sourceTree = "<group>";
		};
		8BD4AD2D2A7FA32000CFE63A /* MyProjectTests */ = {
			isa = PBXGroup;
			children = (
				8BD4AD2E2A7FA32000CFE63A /* MyProjectTests.swift */,
			);
			path = MyProjectTests;
			sourceTree = "<group>";
		};
/* End PBXGroup section */

/* Begin PBXNativeTarget section */
		8B6CD45A2A2C25DC009E0A3C /* MyProject */ = {
			isa = PBXNativeTarget;
			buildConfigurationList = 8B6CD4692A2C25DE009E0A3C /* Build configuration list for PBXNativeTarget "MyProject" */;
			buildPhases = (
				8B6CD4572A2C25DC009E0A3C /* Sources */,
				8B6CD4582A2C25DC009E0A3C /* Frameworks */,
				8B6CD4592A2C25DC009E0A3C /* Resources */,
			);
			buildRules = (
			);
			dependencies = (
			);
			name = MyProject;
			productName = MyProject;
			productReference = 8B6CD45B2A2C25DC009E0A3C /* MyProject.app */;
			productType = "com.apple.product-type.application";
		};
		8BD4AD1C2A7FA0F500CFE63A /* MyProjectUITests */ = {
			isa = PBXNativeTarget;
			buildConfigurationList = 8BD4AD252A7FA0F500CFE63A /* Build configuration list for PBXNativeTarget "MyProjectUITests" */;
			buildPhases = (
				8BD4AD192A7FA0F500CFE63A /* Sources */,
				8BD4AD1A2A7FA0F500CFE63A /* Frameworks */,
				8BD4AD1B2A7FA0F500CFE63A /* Resources */,
			);
			buildRules = (
			);
			dependencies = (
				8BD4AD242A7FA0F500CFE63A /* PBXTargetDependency */,
			);
			name = MyProjectUITests;
			productName = MyProjectUITests;
			productReference = 8BD4AD1D2A7FA0F500CFE63A /* MyProjectUITests.xctest */;
			productType = "com.apple.product-type.bundle.ui-testing";
		};
		8BD4AD2B2A7FA32000CFE63A /* MyProjectTests */ = {
			isa = PBXNativeTarget;
			buildConfigurationList = 8BD4AD322A7FA32000CFE63A /* Build configuration list for PBXNativeTarget "MyProjectTests" */;
			buildPhases = (
				8BD4AD282A7FA32000CFE63A /* Sources */,
				8BD4AD292A7FA32000CFE63A /* Frameworks */,
				8BD4AD2A2A7FA32000CFE63A /* Resources */,
			);
			buildRules = (
			);
			dependencies = (
				8BD4AD312A7FA32000CFE63A /* PBXTargetDependency */,
			);
			name = MyProjectTests;
			productName = MyProjectTests;
			productReference = 8BD4AD2C2A7FA32000CFE63A /* MyProjectTests.xctest */;
			productType = "com.apple.product-type.bundle.unit-test";
		};
/* End PBXNativeTarget section */

/* Begin PBXProject section */
		8B6CD4532A2C25DC009E0A3C /* Project object */ = {
			isa = PBXProject;
			attributes = {
				BuildIndependentTargetsInParallel = 1;
				LastSwiftUpdateCheck = 1500;
				LastUpgradeCheck = 1430;
				ORGANIZATIONNAME = H.S.H;
				TargetAttributes = {
					8B6CD45A2A2C25DC009E0A3C = {
						CreatedOnToolsVersion = 14.3.1;
					};
					8BD4AD1C2A7FA0F500CFE63A = {
						CreatedOnToolsVersion = 15.0;
						TestTargetID = 8B6CD45A2A2C25DC009E0A3C;
					};
					8BD4AD2B2A7FA32000CFE63A = {
						CreatedOnToolsVersion = 15.0;
						TestTargetID = 8B6CD45A2A2C25DC009E0A3C;
					};
				};
			};
			buildConfigurationList = 8B6CD4562A2C25DC009E0A3C /* Build configuration list for PBXProject "MyProject" */;
			compatibilityVersion = "Xcode 14.0";
			developmentRegion = "zh-Hans";
			hasScannedForEncodings = 0;
			knownRegions = (
				en,
				Base,
				"zh-Hans",
			);
			mainGroup = 8B6CD4522A2C25DC009E0A3C;
			productRefGroup = 8B6CD45C2A2C25DC009E0A3C /* Products */;
			projectDirPath = "";
			projectRoot = "";
			targets = (
				8B6CD45A2A2C25DC009E0A3C /* MyProject */,
				8BD4AD2B2A7FA32000CFE63A /* MyProjectTests */,
				8BD4AD1C2A7FA0F500CFE63A /* MyProjectUITests */,
			);
		};
/* End PBXProject section */

/* Begin PBXResourcesBuildPhase section */
		8B6CD4592A2C25DC009E0A3C /* Resources */ = {
			isa = PBXResourcesBuildPhase;
			buildActionMask = 2147483647;
			files = (
				8B6CD46E2A2C273E009E0A3C /* LaunchScreen.storyboard in Resources */,
				8BD4AD182A7F96F800CFE63A /* Localizable.xcstrings in Resources */,
				8B102C3F2A3EDE6B00D2DA43 /* Settings.bundle in Resources */,
				8B6CD4662A2C25DE009E0A3C /* Preview Assets.xcassets in Resources */,
				8B6CD4632A2C25DE009E0A3C /* Assets.xcassets in Resources */,
			);
			runOnlyForDeploymentPostprocessing = 0;
		};
		8BD4AD1B2A7FA0F500CFE63A /* Resources */ = {
			isa = PBXResourcesBuildPhase;
			buildActionMask = 2147483647;
			files = (
			);
			runOnlyForDeploymentPostprocessing = 0;
		};
		8BD4AD2A2A7FA32000CFE63A /* Resources */ = {
			isa = PBXResourcesBuildPhase;
			buildActionMask = 2147483647;
			files = (
			);
			runOnlyForDeploymentPostprocessing = 0;
		};
/* End PBXResourcesBuildPhase section */

/* Begin PBXSourcesBuildPhase section */
		8B6CD4572A2C25DC009E0A3C /* Sources */ = {
			isa = PBXSourcesBuildPhase;
			buildActionMask = 2147483647;
			files = (
				8B102C412A3EEF3800D2DA43 /* AppDelegate.swift in Sources */,
				8B6CD4702A2C2939009E0A3C /* ContentView.swift in Sources */,
				8B6CD45F2A2C25DC009E0A3C /* MyProjectApp.swift in Sources */,
			);
			runOnlyForDeploymentPostprocessing = 0;
		};
		8BD4AD192A7FA0F500CFE63A /* Sources */ = {
			isa = PBXSourcesBuildPhase;
			buildActionMask = 2147483647;
			files = (
				8BD4AD222A7FA0F500CFE63A /* MyProjectUITestsLaunchTests.swift in Sources */,
				8BD4AD202A7FA0F500CFE63A /* MyProjectUITests.swift in Sources */,
			);
			runOnlyForDeploymentPostprocessing = 0;
		};
		8BD4AD282A7FA32000CFE63A /* Sources */ = {
			isa = PBXSourcesBuildPhase;
			buildActionMask = 2147483647;
			files = (
				8BD4AD2F2A7FA32000CFE63A /* MyProjectTests.swift in Sources */,
			);
			runOnlyForDeploymentPostprocessing = 0;
		};
/* End PBXSourcesBuildPhase section */

/* Begin PBXTargetDependency section */
		8BD4AD242A7FA0F500CFE63A /* PBXTargetDependency */ = {
			isa = PBXTargetDependency;
			target = 8B6CD45A2A2C25DC009E0A3C /* MyProject */;
			targetProxy = 8BD4AD232A7FA0F500CFE63A /* PBXContainerItemProxy */;
		};
		8BD4AD312A7FA32000CFE63A /* PBXTargetDependency */ = {
			isa = PBXTargetDependency;
			target = 8B6CD45A2A2C25DC009E0A3C /* MyProject */;
			targetProxy = 8BD4AD302A7FA32000CFE63A /* PBXContainerItemProxy */;
		};
/* End PBXTargetDependency section */

/* Begin XCBuildConfiguration section */
		8B6CD4672A2C25DE009E0A3C /* Debug */ = {
			isa = XCBuildConfiguration;
			buildSettings = {
				ALWAYS_SEARCH_USER_PATHS = NO;
				CLANG_ANALYZER_NONNULL = YES;
				CLANG_ANALYZER_NUMBER_OBJECT_CONVERSION = YES_AGGRESSIVE;
				CLANG_CXX_LANGUAGE_STANDARD = "gnu++20";
				CLANG_ENABLE_MODULES = YES;
				CLANG_ENABLE_OBJC_ARC = YES;
				CLANG_ENABLE_OBJC_WEAK = YES;
				CLANG_WARN_BLOCK_CAPTURE_AUTORELEASING = YES;
				CLANG_WARN_BOOL_CONVERSION = YES;
				CLANG_WARN_COMMA = YES;
				CLANG_WARN_CONSTANT_CONVERSION = YES;
				CLANG_WARN_DEPRECATED_OBJC_IMPLEMENTATIONS = YES;
				CLANG_WARN_DIRECT_OBJC_ISA_USAGE = YES_ERROR;
				CLANG_WARN_DOCUMENTATION_COMMENTS = YES;
				CLANG_WARN_EMPTY_BODY = YES;
				CLANG_WARN_ENUM_CONVERSION = YES;
				CLANG_WARN_INFINITE_RECURSION = YES;
				CLANG_WARN_INT_CONVERSION = YES;
				CLANG_WARN_NON_LITERAL_NULL_CONVERSION = YES;
				CLANG_WARN_OBJC_IMPLICIT_RETAIN_SELF = YES;
				CLANG_WARN_OBJC_LITERAL_CONVERSION = YES;
				CLANG_WARN_OBJC_ROOT_CLASS = YES_ERROR;
				CLANG_WARN_QUOTED_INCLUDE_IN_FRAMEWORK_HEADER = YES;
				CLANG_WARN_RANGE_LOOP_ANALYSIS = YES;
				CLANG_WARN_STRICT_PROTOTYPES = YES;
				CLANG_WARN_SUSPICIOUS_MOVE = YES;
				CLANG_WARN_UNGUARDED_AVAILABILITY = YES_AGGRESSIVE;
				CLANG_WARN_UNREACHABLE_CODE = YES;
				CLANG_WARN__DUPLICATE_METHOD_MATCH = YES;
				COPY_PHASE_STRIP = NO;
				DEBUG_INFORMATION_FORMAT = dwarf;
				ENABLE_STRICT_OBJC_MSGSEND = YES;
				ENABLE_TESTABILITY = YES;
				GCC_C_LANGUAGE_STANDARD = gnu11;
				GCC_DYNAMIC_NO_PIC = NO;
				GCC_NO_COMMON_BLOCKS = YES;
				GCC_OPTIMIZATION_LEVEL = 0;
				GCC_PREPROCESSOR_DEFINITIONS = (
					"DEBUG=1",
					"$(inherited)",
				);
				GCC_WARN_64_TO_32_BIT_CONVERSION = YES;
				GCC_WARN_ABOUT_RETURN_TYPE = YES_ERROR;
				GCC_WARN_UNDECLARED_SELECTOR = YES;
				GCC_WARN_UNINITIALIZED_AUTOS = YES_AGGRESSIVE;
				GCC_WARN_UNUSED_FUNCTION = YES;
				GCC_WARN_UNUSED_VARIABLE = YES;
				IPHONEOS_DEPLOYMENT_TARGET = 14.0;
				LOCALIZATION_PREFERS_STRING_CATALOGS = YES;
				MTL_ENABLE_DEBUG_INFO = INCLUDE_SOURCE;
				MTL_FAST_MATH = YES;
				ONLY_ACTIVE_ARCH = YES;
				SDKROOT = iphoneos;
				SWIFT_ACTIVE_COMPILATION_CONDITIONS = DEBUG;
				SWIFT_OPTIMIZATION_LEVEL = "-Onone";
			};
			name = Debug;
		};
		8B6CD4682A2C25DE009E0A3C /* Release */ = {
			isa = XCBuildConfiguration;
			buildSettings = {
				ALWAYS_SEARCH_USER_PATHS = NO;
				CLANG_ANALYZER_NONNULL = YES;
				CLANG_ANALYZER_NUMBER_OBJECT_CONVERSION = YES_AGGRESSIVE;
				CLANG_CXX_LANGUAGE_STANDARD = "gnu++20";
				CLANG_ENABLE_MODULES = YES;
				CLANG_ENABLE_OBJC_ARC = YES;
				CLANG_ENABLE_OBJC_WEAK = YES;
				CLANG_WARN_BLOCK_CAPTURE_AUTORELEASING = YES;
				CLANG_WARN_BOOL_CONVERSION = YES;
				CLANG_WARN_COMMA = YES;
				CLANG_WARN_CONSTANT_CONVERSION = YES;
				CLANG_WARN_DEPRECATED_OBJC_IMPLEMENTATIONS = YES;
				CLANG_WARN_DIRECT_OBJC_ISA_USAGE = YES_ERROR;
				CLANG_WARN_DOCUMENTATION_COMMENTS = YES;
				CLANG_WARN_EMPTY_BODY = YES;
				CLANG_WARN_ENUM_CONVERSION = YES;
				CLANG_WARN_INFINITE_RECURSION = YES;
				CLANG_WARN_INT_CONVERSION = YES;
				CLANG_WARN_NON_LITERAL_NULL_CONVERSION = YES;
				CLANG_WARN_OBJC_IMPLICIT_RETAIN_SELF = YES;
				CLANG_WARN_OBJC_LITERAL_CONVERSION = YES;
				CLANG_WARN_OBJC_ROOT_CLASS = YES_ERROR;
				CLANG_WARN_QUOTED_INCLUDE_IN_FRAMEWORK_HEADER = YES;
				CLANG_WARN_RANGE_LOOP_ANALYSIS = YES;
				CLANG_WARN_STRICT_PROTOTYPES = YES;
				CLANG_WARN_SUSPICIOUS_MOVE = YES;
				CLANG_WARN_UNGUARDED_AVAILABILITY = YES_AGGRESSIVE;
				CLANG_WARN_UNREACHABLE_CODE = YES;
				CLANG_WARN__DUPLICATE_METHOD_MATCH = YES;
				COPY_PHASE_STRIP = NO;
				DEBUG_INFORMATION_FORMAT = "dwarf-with-dsym";
				ENABLE_NS_ASSERTIONS = NO;
				ENABLE_STRICT_OBJC_MSGSEND = YES;
				GCC_C_LANGUAGE_STANDARD = gnu11;
				GCC_NO_COMMON_BLOCKS = YES;
				GCC_WARN_64_TO_32_BIT_CONVERSION = YES;
				GCC_WARN_ABOUT_RETURN_TYPE = YES_ERROR;
				GCC_WARN_UNDECLARED_SELECTOR = YES;
				GCC_WARN_UNINITIALIZED_AUTOS = YES_AGGRESSIVE;
				GCC_WARN_UNUSED_FUNCTION = YES;
				GCC_WARN_UNUSED_VARIABLE = YES;
				IPHONEOS_DEPLOYMENT_TARGET = 14.0;
				LOCALIZATION_PREFERS_STRING_CATALOGS = YES;
				MTL_ENABLE_DEBUG_INFO = NO;
				MTL_FAST_MATH = YES;
				SDKROOT = iphoneos;
				SWIFT_COMPILATION_MODE = wholemodule;
				SWIFT_OPTIMIZATION_LEVEL = "-O";
				VALIDATE_PRODUCT = YES;
			};
			name = Release;
		};
		8B6CD46A2A2C25DE009E0A3C /* Debug */ = {
			isa = XCBuildConfiguration;
			baseConfigurationReference = 8B37C9A32A5448740005CC71 /* Debug.xcconfig */;
			buildSettings = {
				ASSETCATALOG_COMPILER_APPICON_NAME = AppIconBeta;
				ASSETCATALOG_COMPILER_GLOBAL_ACCENT_COLOR_NAME = AccentColor;
				CODE_SIGN_STYLE = Automatic;
				CURRENT_PROJECT_VERSION = 1;
				DEVELOPMENT_ASSET_PATHS = "\"MyProject/Preview Content\"";
				DEVELOPMENT_TEAM = A2LPNTJJ58;
				ENABLE_PREVIEWS = YES;
				GENERATE_INFOPLIST_FILE = YES;
				INFOPLIST_FILE = MyProject/Info.plist;
				INFOPLIST_KEY_CFBundleDisplayName = "";
				INFOPLIST_KEY_UIApplicationSceneManifest_Generation = YES;
				INFOPLIST_KEY_UIApplicationSupportsIndirectInputEvents = YES;
				INFOPLIST_KEY_UILaunchScreen_Generation = YES;
				INFOPLIST_KEY_UILaunchStoryboardName = LaunchScreen.storyboard;
				INFOPLIST_KEY_UISupportedInterfaceOrientations_iPad = "UIInterfaceOrientationPortrait UIInterfaceOrientationPortraitUpsideDown UIInterfaceOrientationLandscapeLeft UIInterfaceOrientationLandscapeRight";
				INFOPLIST_KEY_UISupportedInterfaceOrientations_iPhone = "UIInterfaceOrientationPortrait UIInterfaceOrientationLandscapeLeft UIInterfaceOrientationLandscapeRight";
				LD_RUNPATH_SEARCH_PATHS = (
					"$(inherited)",
					"@executable_path/Frameworks",
				);
				MARKETING_VERSION = 1.0;
				PRODUCT_BUNDLE_IDENTIFIER = live.huangsenhui.myproject;
				PRODUCT_NAME = "$(TARGET_NAME)";
				SWIFT_EMIT_LOC_STRINGS = YES;
				SWIFT_VERSION = 5.0;
				TARGETED_DEVICE_FAMILY = "1,2";
			};
			name = Debug;
		};
		8B6CD46B2A2C25DE009E0A3C /* Release */ = {
			isa = XCBuildConfiguration;
			baseConfigurationReference = 8B37C9A42A5448870005CC71 /* Release.xcconfig */;
			buildSettings = {
				ASSETCATALOG_COMPILER_APPICON_NAME = AppIcon;
				ASSETCATALOG_COMPILER_GLOBAL_ACCENT_COLOR_NAME = AccentColor;
				CODE_SIGN_STYLE = Automatic;
				CURRENT_PROJECT_VERSION = 1;
				DEVELOPMENT_ASSET_PATHS = "\"MyProject/Preview Content\"";
				DEVELOPMENT_TEAM = A2LPNTJJ58;
				ENABLE_PREVIEWS = YES;
				GENERATE_INFOPLIST_FILE = YES;
				INFOPLIST_FILE = MyProject/Info.plist;
				INFOPLIST_KEY_CFBundleDisplayName = "";
				INFOPLIST_KEY_UIApplicationSceneManifest_Generation = YES;
				INFOPLIST_KEY_UIApplicationSupportsIndirectInputEvents = YES;
				INFOPLIST_KEY_UILaunchScreen_Generation = YES;
				INFOPLIST_KEY_UILaunchStoryboardName = LaunchScreen.storyboard;
				INFOPLIST_KEY_UISupportedInterfaceOrientations_iPad = "UIInterfaceOrientationPortrait UIInterfaceOrientationPortraitUpsideDown UIInterfaceOrientationLandscapeLeft UIInterfaceOrientationLandscapeRight";
				INFOPLIST_KEY_UISupportedInterfaceOrientations_iPhone = "UIInterfaceOrientationPortrait UIInterfaceOrientationLandscapeLeft UIInterfaceOrientationLandscapeRight";
				LD_RUNPATH_SEARCH_PATHS = (
					"$(inherited)",
					"@executable_path/Frameworks",
				);
				MARKETING_VERSION = 1.0;
				PRODUCT_BUNDLE_IDENTIFIER = live.huangsenhui.myproject;
				PRODUCT_NAME = "$(TARGET_NAME)";
				SWIFT_EMIT_LOC_STRINGS = YES;
				SWIFT_VERSION = 5.0;
				TARGETED_DEVICE_FAMILY = "1,2";
			};
			name = Release;
		};
		8BD4AD262A7FA0F500CFE63A /* Debug */ = {
			isa = XCBuildConfiguration;
			buildSettings = {
				ASSETCATALOG_COMPILER_GENERATE_SWIFT_ASSET_SYMBOL_EXTENSIONS = YES;
				CODE_SIGN_STYLE = Automatic;
				CURRENT_PROJECT_VERSION = 1;
				DEVELOPMENT_TEAM = A2LPNTJJ58;
				ENABLE_USER_SCRIPT_SANDBOXING = YES;
				GCC_C_LANGUAGE_STANDARD = gnu17;
				GENERATE_INFOPLIST_FILE = YES;
				IPHONEOS_DEPLOYMENT_TARGET = 17.0;
				MARKETING_VERSION = 1.0;
				PRODUCT_BUNDLE_IDENTIFIER = live.huangsenhui.MyProjectUITests;
				PRODUCT_NAME = "$(TARGET_NAME)";
				SWIFT_ACTIVE_COMPILATION_CONDITIONS = "DEBUG $(inherited)";
				SWIFT_EMIT_LOC_STRINGS = NO;
				SWIFT_VERSION = 5.0;
				TARGETED_DEVICE_FAMILY = "1,2";
				TEST_TARGET_NAME = MyProject;
			};
			name = Debug;
		};
		8BD4AD272A7FA0F500CFE63A /* Release */ = {
			isa = XCBuildConfiguration;
			buildSettings = {
				ASSETCATALOG_COMPILER_GENERATE_SWIFT_ASSET_SYMBOL_EXTENSIONS = YES;
				CODE_SIGN_STYLE = Automatic;
				CURRENT_PROJECT_VERSION = 1;
				DEVELOPMENT_TEAM = A2LPNTJJ58;
				ENABLE_USER_SCRIPT_SANDBOXING = YES;
				GCC_C_LANGUAGE_STANDARD = gnu17;
				GENERATE_INFOPLIST_FILE = YES;
				IPHONEOS_DEPLOYMENT_TARGET = 17.0;
				MARKETING_VERSION = 1.0;
				PRODUCT_BUNDLE_IDENTIFIER = live.huangsenhui.MyProjectUITests;
				PRODUCT_NAME = "$(TARGET_NAME)";
				SWIFT_EMIT_LOC_STRINGS = NO;
				SWIFT_VERSION = 5.0;
				TARGETED_DEVICE_FAMILY = "1,2";
				TEST_TARGET_NAME = MyProject;
			};
			name = Release;
		};
		8BD4AD332A7FA32000CFE63A /* Debug */ = {
			isa = XCBuildConfiguration;
			buildSettings = {
				ASSETCATALOG_COMPILER_GENERATE_SWIFT_ASSET_SYMBOL_EXTENSIONS = YES;
				BUNDLE_LOADER = "$(TEST_HOST)";
				CODE_SIGN_STYLE = Automatic;
				CURRENT_PROJECT_VERSION = 1;
				DEVELOPMENT_TEAM = A2LPNTJJ58;
				ENABLE_USER_SCRIPT_SANDBOXING = YES;
				GCC_C_LANGUAGE_STANDARD = gnu17;
				GENERATE_INFOPLIST_FILE = YES;
				IPHONEOS_DEPLOYMENT_TARGET = 17.0;
				MARKETING_VERSION = 1.0;
				PRODUCT_BUNDLE_IDENTIFIER = live.huangsenhui.MyProjectTests;
				PRODUCT_NAME = "$(TARGET_NAME)";
				SWIFT_ACTIVE_COMPILATION_CONDITIONS = "DEBUG $(inherited)";
				SWIFT_EMIT_LOC_STRINGS = NO;
				SWIFT_VERSION = 5.0;
				TARGETED_DEVICE_FAMILY = "1,2";
				TEST_HOST = "$(BUILT_PRODUCTS_DIR)/MyProject.app/$(BUNDLE_EXECUTABLE_FOLDER_PATH)/MyProject";
			};
			name = Debug;
		};
		8BD4AD342A7FA32000CFE63A /* Release */ = {
			isa = XCBuildConfiguration;
			buildSettings = {
				ASSETCATALOG_COMPILER_GENERATE_SWIFT_ASSET_SYMBOL_EXTENSIONS = YES;
				BUNDLE_LOADER = "$(TEST_HOST)";
				CODE_SIGN_STYLE = Automatic;
				CURRENT_PROJECT_VERSION = 1;
				DEVELOPMENT_TEAM = A2LPNTJJ58;
				ENABLE_USER_SCRIPT_SANDBOXING = YES;
				GCC_C_LANGUAGE_STANDARD = gnu17;
				GENERATE_INFOPLIST_FILE = YES;
				IPHONEOS_DEPLOYMENT_TARGET = 17.0;
				MARKETING_VERSION = 1.0;
				PRODUCT_BUNDLE_IDENTIFIER = live.huangsenhui.MyProjectTests;
				PRODUCT_NAME = "$(TARGET_NAME)";
				SWIFT_EMIT_LOC_STRINGS = NO;
				SWIFT_VERSION = 5.0;
				TARGETED_DEVICE_FAMILY = "1,2";
				TEST_HOST = "$(BUILT_PRODUCTS_DIR)/MyProject.app/$(BUNDLE_EXECUTABLE_FOLDER_PATH)/MyProject";
			};
			name = Release;
		};
/* End XCBuildConfiguration section */

/* Begin XCConfigurationList section */
		8B6CD4562A2C25DC009E0A3C /* Build configuration list for PBXProject "MyProject" */ = {
			isa = XCConfigurationList;
			buildConfigurations = (
				8B6CD4672A2C25DE009E0A3C /* Debug */,
				8B6CD4682A2C25DE009E0A3C /* Release */,
			);
			defaultConfigurationIsVisible = 0;
			defaultConfigurationName = Release;
		};
		8B6CD4692A2C25DE009E0A3C /* Build configuration list for PBXNativeTarget "MyProject" */ = {
			isa = XCConfigurationList;
			buildConfigurations = (
				8B6CD46A2A2C25DE009E0A3C /* Debug */,
				8B6CD46B2A2C25DE009E0A3C /* Release */,
			);
			defaultConfigurationIsVisible = 0;
			defaultConfigurationName = Release;
		};
		8BD4AD252A7FA0F500CFE63A /* Build configuration list for PBXNativeTarget "MyProjectUITests" */ = {
			isa = XCConfigurationList;
			buildConfigurations = (
				8BD4AD262A7FA0F500CFE63A /* Debug */,
				8BD4AD272A7FA0F500CFE63A /* Release */,
			);
			defaultConfigurationIsVisible = 0;
			defaultConfigurationName = Release;
		};
		8BD4AD322A7FA32000CFE63A /* Build configuration list for PBXNativeTarget "MyProjectTests" */ = {
			isa = XCConfigurationList;
			buildConfigurations = (
				8BD4AD332A7FA32000CFE63A /* Debug */,
				8BD4AD342A7FA32000CFE63A /* Release */,
			);
			defaultConfigurationIsVisible = 0;
			defaultConfigurationName = Release;
		};
/* End XCConfigurationList section */
	};
	rootObject = 8B6CD4532A2C25DC009E0A3C /* Project object */;
}
